{
    "_readme": [
        "This file locks the dependencies of your project to a known state",
        "Read more about it at https://getcomposer.org/doc/01-basic-usage.md#installing-dependencies",
        "This file is @generated automatically"
    ],
    "content-hash": "580fa2be457e58f982b591654995e711",
    "packages": [
        {
            "name": "automad/package-installer",
            "version": "1.1.2",
            "source": {
                "type": "git",
                "url": "https://github.com/marcantondahmen/automad-composer-package-installer.git",
                "reference": "6cefe27a0b7f6fc3432d08e8eeed9e6f6aac0e8b"
            },
            "dist": {
                "type": "zip",
                "url": "https://api.github.com/repos/marcantondahmen/automad-composer-package-installer/zipball/6cefe27a0b7f6fc3432d08e8eeed9e6f6aac0e8b",
                "reference": "6cefe27a0b7f6fc3432d08e8eeed9e6f6aac0e8b",
                "shasum": ""
            },
            "require": {
                "composer-plugin-api": "^1.0||^2.0"
            },
            "require-dev": {
                "composer/composer": "^2.0"
            },
            "type": "composer-plugin",
            "extra": {
                "class": "Automad\\Composer\\PackageInstallerPlugin"
            },
            "autoload": {
                "psr-4": {
                    "Automad\\Composer\\": "src/"
                }
            },
            "notification-url": "https://packagist.org/downloads/",
            "license": [
                "MIT"
            ],
            "authors": [
                {
                    "name": "Marc Anton Dahmen",
                    "homepage": "https://marcdahmen.de",
                    "role": "Developer"
                }
            ],
            "description": "A custom composer installer for Automad packages",
            "support": {
                "issues": "https://github.com/marcantondahmen/automad-composer-package-installer/issues",
                "source": "https://github.com/marcantondahmen/automad-composer-package-installer/tree/1.1.2"
            },
            "time": "2020-10-25T21:22:20+00:00"
        }
    ],
    "packages-dev": [],
    "aliases": [],
    "minimum-stability": "stable",
    "stability-flags": {
        "automad/package-installer": 20
    },
    "prefer-stable": false,
    "prefer-lowest": false,
    "platform": [],
    "platform-dev": [],
    "plugin-api-version": "2.1.0"
}
